// !$*UTF8*$!
{
	archiveVersion = 1;
	classes = {
	};
	objectVersion = 50;
	objects = {

/* Begin PBXBuildFile section */
		6A90DDE821489E3B001706D8 /* AppDelegate.swift in Sources */ = {isa = PBXBuildFile; fileRef = 6A90DDE721489E3B001706D8 /* AppDelegate.swift */; };
		6A90DDEA21489E3B001706D8 /* ViewController.swift in Sources */ = {isa = PBXBuildFile; fileRef = 6A90DDE921489E3B001706D8 /* ViewController.swift */; };
		6A90DDED21489E3B001706D8 /* Main.storyboard in Resources */ = {isa = PBXBuildFile; fileRef = 6A90DDEB21489E3B001706D8 /* Main.storyboard */; };
		6A90DDEF21489E42001706D8 /* Assets.xcassets in Resources */ = {isa = PBXBuildFile; fileRef = 6A90DDEE21489E42001706D8 /* Assets.xcassets */; };
		6A90DDF221489E42001706D8 /* LaunchScreen.storyboard in Resources */ = {isa = PBXBuildFile; fileRef = 6A90DDF021489E42001706D8 /* LaunchScreen.storyboard */; };
		6A90DDFD21489E43001706D8 /* Practica5_CustomCellTests.swift in Sources */ = {isa = PBXBuildFile; fileRef = 6A90DDFC21489E43001706D8 /* Practica5_CustomCellTests.swift */; };
		6A90DE0821489E43001706D8 /* Practica5_CustomCellUITests.swift in Sources */ = {isa = PBXBuildFile; fileRef = 6A90DE0721489E43001706D8 /* Practica5_CustomCellUITests.swift */; };
/* End PBXBuildFile section */

/* Begin PBXContainerItemProxy section */
		6A90DDF921489E43001706D8 /* PBXContainerItemProxy */ = {
			isa = PBXContainerItemProxy;
			containerPortal = 6A90DDDC21489E3B001706D8 /* Project object */;
			proxyType = 1;
			remoteGlobalIDString = 6A90DDE321489E3B001706D8;
			remoteInfo = "Practica5-CustomCell";
		};
		6A90DE0421489E43001706D8 /* PBXContainerItemProxy */ = {
			isa = PBXContainerItemProxy;
			containerPortal = 6A90DDDC21489E3B001706D8 /* Project object */;
			proxyType = 1;
			remoteGlobalIDString = 6A90DDE321489E3B001706D8;
			remoteInfo = "Practica5-CustomCell";
		};
/* End PBXContainerItemProxy section */

/* Begin PBXFileReference section */
		6A90DDE421489E3B001706D8 /* Practica5-CustomCell.app */ = {isa = PBXFileReference; explicitFileType = wrapper.application; includeInIndex = 0; path = "Practica5-CustomCell.app"; sourceTree = BUILT_PRODUCTS_DIR; };
		6A90DDE721489E3B001706D8 /* AppDelegate.swift */ = {isa = PBXFileReference; lastKnownFileType = sourcecode.swift; path = AppDelegate.swift; sourceTree = "<group>"; };
		6A90DDE921489E3B001706D8 /* ViewController.swift */ = {isa = PBXFileReference; lastKnownFileType = sourcecode.swift; path = ViewController.swift; sourceTree = "<group>"; };
		6A90DDEC21489E3B001706D8 /* Base */ = {isa = PBXFileReference; lastKnownFileType = file.storyboard; name = Base; path = Base.lproj/Main.storyboard; sourceTree = "<group>"; };
		6A90DDEE21489E42001706D8 /* Assets.xcassets */ = {isa = PBXFileReference; lastKnownFileType = folder.assetcatalog; path = Assets.xcassets; sourceTree = "<group>"; };
		6A90DDF121489E42001706D8 /* Base */ = {isa = PBXFileReference; lastKnownFileType = file.storyboard; name = Base; path = Base.lproj/LaunchScreen.storyboard; sourceTree = "<group>"; };
		6A90DDF321489E42001706D8 /* Info.plist */ = {isa = PBXFileReference; lastKnownFileType = text.plist.xml; path = Info.plist; sourceTree = "<group>"; };
		6A90DDF821489E42001706D8 /* Practica5-CustomCellTests.xctest */ = {isa = PBXFileReference; explicitFileType = wrapper.cfbundle; includeInIndex = 0; path = "Practica5-CustomCellTests.xctest"; sourceTree = BUILT_PRODUCTS_DIR; };
		6A90DDFC21489E43001706D8 /* Practica5_CustomCellTests.swift */ = {isa = PBXFileReference; lastKnownFileType = sourcecode.swift; path = Practica5_CustomCellTests.swift; sourceTree = "<group>"; };
		6A90DDFE21489E43001706D8 /* Info.plist */ = {isa = PBXFileReference; lastKnownFileType = text.plist.xml; path = Info.plist; sourceTree = "<group>"; };
		6A90DE0321489E43001706D8 /* Practica5-CustomCellUITests.xctest */ = {isa = PBXFileReference; explicitFileType = wrapper.cfbundle; includeInIndex = 0; path = "Practica5-CustomCellUITests.xctest"; sourceTree = BUILT_PRODUCTS_DIR; };
		6A90DE0721489E43001706D8 /* Practica5_CustomCellUITests.swift */ = {isa = PBXFileReference; lastKnownFileType = sourcecode.swift; path = Practica5_CustomCellUITests.swift; sourceTree = "<group>"; };
		6A90DE0921489E43001706D8 /* Info.plist */ = {isa = PBXFileReference; lastKnownFileType = text.plist.xml; path = Info.plist; sourceTree = "<group>"; };
/* End PBXFileReference section */

/* Begin PBXFrameworksBuildPhase section */
		6A90DDE121489E3B001706D8 /* Frameworks */ = {
			isa = PBXFrameworksBuildPhase;
			buildActionMask = 2147483647;
			files = (
			);
			runOnlyForDeploymentPostprocessing = 0;
		};
		6A90DDF521489E42001706D8 /* Frameworks */ = {
			isa = PBXFrameworksBuildPhase;
			buildActionMask = 2147483647;
			files = (
			);
			runOnlyForDeploymentPostprocessing = 0;
		};
		6A90DE0021489E43001706D8 /* Frameworks */ = {
			isa = PBXFrameworksBuildPhase;
			buildActionMask = 2147483647;
			files = (
			);
			runOnlyForDeploymentPostprocessing = 0;
		};
/* End PBXFrameworksBuildPhase section */

/* Begin PBXGroup section */
		6A90DDDB21489E3B001706D8 = {
			isa = PBXGroup;
			children = (
				6A90DDE621489E3B001706D8 /* Practica5-CustomCell */,
				6A90DDFB21489E43001706D8 /* Practica5-CustomCellTests */,
				6A90DE0621489E43001706D8 /* Practica5-CustomCellUITests */,
				6A90DDE521489E3B001706D8 /* Products */,
			);
			sourceTree = "<group>";
		};
		6A90DDE521489E3B001706D8 /* Products */ = {
			isa = PBXGroup;
			children = (
				6A90DDE421489E3B001706D8 /* Practica5-CustomCell.app */,
				6A90DDF821489E42001706D8 /* Practica5-CustomCellTests.xctest */,
				6A90DE0321489E43001706D8 /* Practica5-CustomCellUITests.xctest */,
			);
			name = Products;
			sourceTree = "<group>";
		};
		6A90DDE621489E3B001706D8 /* Practica5-CustomCell */ = {
			isa = PBXGroup;
			children = (
				6A90DDE721489E3B001706D8 /* AppDelegate.swift */,
				6A90DDE921489E3B001706D8 /* ViewController.swift */,
				6A90DDEB21489E3B001706D8 /* Main.storyboard */,
				6A90DDEE21489E42001706D8 /* Assets.xcassets */,
				6A90DDF021489E42001706D8 /* LaunchScreen.storyboard */,
				6A90DDF321489E42001706D8 /* Info.plist */,
			);
			path = "Practica5-CustomCell";
			sourceTree = "<group>";
		};
		6A90DDFB21489E43001706D8 /* Practica5-CustomCellTests */ = {
			isa = PBXGroup;
			children = (
				6A90DDFC21489E43001706D8 /* Practica5_CustomCellTests.swift */,
				6A90DDFE21489E43001706D8 /* Info.plist */,
			);
			path = "Practica5-CustomCellTests";
			sourceTree = "<group>";
		};
		6A90DE0621489E43001706D8 /* Practica5-CustomCellUITests */ = {
			isa = PBXGroup;
			children = (
				6A90DE0721489E43001706D8 /* Practica5_CustomCellUITests.swift */,
				6A90DE0921489E43001706D8 /* Info.plist */,
			);
			path = "Practica5-CustomCellUITests";
			sourceTree = "<group>";
		};
/* End PBXGroup section */

/* Begin PBXNativeTarget section */
		6A90DDE321489E3B001706D8 /* Practica5-CustomCell */ = {
			isa = PBXNativeTarget;
			buildConfigurationList = 6A90DE0C21489E43001706D8 /* Build configuration list for PBXNativeTarget "Practica5-CustomCell" */;
			buildPhases = (
				6A90DDE021489E3B001706D8 /* Sources */,
				6A90DDE121489E3B001706D8 /* Frameworks */,
				6A90DDE221489E3B001706D8 /* Resources */,
			);
			buildRules = (
			);
			dependencies = (
			);
			name = "Practica5-CustomCell";
			productName = "Practica5-CustomCell";
			productReference = 6A90DDE421489E3B001706D8 /* Practica5-CustomCell.app */;
			productType = "com.apple.product-type.application";
		};
		6A90DDF721489E42001706D8 /* Practica5-CustomCellTests */ = {
			isa = PBXNativeTarget;
			buildConfigurationList = 6A90DE0F21489E43001706D8 /* Build configuration list for PBXNativeTarget "Practica5-CustomCellTests" */;
			buildPhases = (
				6A90DDF421489E42001706D8 /* Sources */,
				6A90DDF521489E42001706D8 /* Frameworks */,
				6A90DDF621489E42001706D8 /* Resources */,
			);
			buildRules = (
			);
			dependencies = (
				6A90DDFA21489E43001706D8 /* PBXTargetDependency */,
			);
			name = "Practica5-CustomCellTests";
			productName = "Practica5-CustomCellTests";
			productReference = 6A90DDF821489E42001706D8 /* Practica5-CustomCellTests.xctest */;
			productType = "com.apple.product-type.bundle.unit-test";
		};
		6A90DE0221489E43001706D8 /* Practica5-CustomCellUITests */ = {
			isa = PBXNativeTarget;
			buildConfigurationList = 6A90DE1221489E43001706D8 /* Build configuration list for PBXNativeTarget "Practica5-CustomCellUITests" */;
			buildPhases = (
				6A90DDFF21489E43001706D8 /* Sources */,
				6A90DE0021489E43001706D8 /* Frameworks */,
				6A90DE0121489E43001706D8 /* Resources */,
			);
			buildRules = (
			);
			dependencies = (
				6A90DE0521489E43001706D8 /* PBXTargetDependency */,
			);
			name = "Practica5-CustomCellUITests";
			productName = "Practica5-CustomCellUITests";
			productReference = 6A90DE0321489E43001706D8 /* Practica5-CustomCellUITests.xctest */;
			productType = "com.apple.product-type.bundle.ui-testing";
		};
/* End PBXNativeTarget section */

/* Begin PBXProject section */
		6A90DDDC21489E3B001706D8 /* Project object */ = {
			isa = PBXProject;
			attributes = {
				LastSwiftUpdateCheck = 0940;
				LastUpgradeCheck = 0940;
				ORGANIZATIONNAME = Aldo;
				TargetAttributes = {
					6A90DDE321489E3B001706D8 = {
						CreatedOnToolsVersion = 9.4.1;
					};
					6A90DDF721489E42001706D8 = {
						CreatedOnToolsVersion = 9.4.1;
						TestTargetID = 6A90DDE321489E3B001706D8;
					};
					6A90DE0221489E43001706D8 = {
						CreatedOnToolsVersion = 9.4.1;
						TestTargetID = 6A90DDE321489E3B001706D8;
					};
				};
			};
			buildConfigurationList = 6A90DDDF21489E3B001706D8 /* Build configuration list for PBXProject "Practica5-CustomCell" */;
			compatibilityVersion = "Xcode 9.3";
			developmentRegion = en;
			hasScannedForEncodings = 0;
			knownRegions = (
				en,
				Base,
			);
			mainGroup = 6A90DDDB21489E3B001706D8;
			productRefGroup = 6A90DDE521489E3B001706D8 /* Products */;
			projectDirPath = "";
			projectRoot = "";
			targets = (
				6A90DDE321489E3B001706D8 /* Practica5-CustomCell */,
				6A90DDF721489E42001706D8 /* Practica5-CustomCellTests */,
				6A90DE0221489E43001706D8 /* Practica5-CustomCellUITests */,
			);
		};
/* End PBXProject section */

/* Begin PBXResourcesBuildPhase section */
		6A90DDE221489E3B001706D8 /* Resources */ = {
			isa = PBXResourcesBuildPhase;
			buildActionMask = 2147483647;
			files = (
				6A90DDF221489E42001706D8 /* LaunchScreen.storyboard in Resources */,
				6A90DDEF21489E42001706D8 /* Assets.xcassets in Resources */,
				6A90DDED21489E3B001706D8 /* Main.storyboard in Resources */,
			);
			runOnlyForDeploymentPostprocessing = 0;
		};
		6A90DDF621489E42001706D8 /* Resources */ = {
			isa = PBXResourcesBuildPhase;
			buildActionMask = 2147483647;
			files = (
			);
			runOnlyForDeploymentPostprocessing = 0;
		};
		6A90DE0121489E43001706D8 /* Resources */ = {
			isa = PBXResourcesBuildPhase;
			buildActionMask = 2147483647;
			files = (
			);
			runOnlyForDeploymentPostprocessing = 0;
		};
/* End PBXResourcesBuildPhase section */

/* Begin PBXSourcesBuildPhase section */
		6A90DDE021489E3B001706D8 /* Sources */ = {
			isa = PBXSourcesBuildPhase;
			buildActionMask = 2147483647;
			files = (
				6A90DDEA21489E3B001706D8 /* ViewController.swift in Sources */,
				6A90DDE821489E3B001706D8 /* AppDelegate.swift in Sources */,
			);
			runOnlyForDeploymentPostprocessing = 0;
		};
		6A90DDF421489E42001706D8 /* Sources */ = {
			isa = PBXSourcesBuildPhase;
			buildActionMask = 2147483647;
			files = (
				6A90DDFD21489E43001706D8 /* Practica5_CustomCellTests.swift in Sources */,
			);
			runOnlyForDeploymentPostprocessing = 0;
		};
		6A90DDFF21489E43001706D8 /* Sources */ = {
			isa = PBXSourcesBuildPhase;
			buildActionMask = 2147483647;
			files = (
				6A90DE0821489E43001706D8 /* Practica5_CustomCellUITests.swift in Sources */,
			);
			runOnlyForDeploymentPostprocessing = 0;
		};
/* End PBXSourcesBuildPhase section */

/* Begin PBXTargetDependency section */
		6A90DDFA21489E43001706D8 /* PBXTargetDependency */ = {
			isa = PBXTargetDependency;
			target = 6A90DDE321489E3B001706D8 /* Practica5-CustomCell */;
			targetProxy = 6A90DDF921489E43001706D8 /* PBXContainerItemProxy */;
		};
		6A90DE0521489E43001706D8 /* PBXTargetDependency */ = {
			isa = PBXTargetDependency;
			target = 6A90DDE321489E3B001706D8 /* Practica5-CustomCell */;
			targetProxy = 6A90DE0421489E43001706D8 /* PBXContainerItemProxy */;
		};
/* End PBXTargetDependency section */

/* Begin PBXVariantGroup section */
		6A90DDEB21489E3B001706D8 /* Main.storyboard */ = {
			isa = PBXVariantGroup;
			children = (
				6A90DDEC21489E3B001706D8 /* Base */,
			);
			name = Main.storyboard;
			sourceTree = "<group>";
		};
		6A90DDF021489E42001706D8 /* LaunchScreen.storyboard */ = {
			isa = PBXVariantGroup;
			children = (
				6A90DDF121489E42001706D8 /* Base */,
			);
			name = LaunchScreen.storyboard;
			sourceTree = "<group>";
		};
/* End PBXVariantGroup section */

/* Begin XCBuildConfiguration section */
		6A90DE0A21489E43001706D8 /* Debug */ = {
			isa = XCBuildConfiguration;
			buildSettings = {
				ALWAYS_SEARCH_USER_PATHS = NO;
				CLANG_ANALYZER_NONNULL = YES;
				CLANG_ANALYZER_NUMBER_OBJECT_CONVERSION = YES_AGGRESSIVE;
				CLANG_CXX_LANGUAGE_STANDARD = "gnu++14";
				CLANG_CXX_LIBRARY = "libc++";
				CLANG_ENABLE_MODULES = YES;
				CLANG_ENABLE_OBJC_ARC = YES;
				CLANG_ENABLE_OBJC_WEAK = YES;
				CLANG_WARN_BLOCK_CAPTURE_AUTORELEASING = YES;
				CLANG_WARN_BOOL_CONVERSION = YES;
				CLANG_WARN_COMMA = YES;
				CLANG_WARN_CONSTANT_CONVERSION = YES;
				CLANG_WARN_DEPRECATED_OBJC_IMPLEMENTATIONS = YES;
				CLANG_WARN_DIRECT_OBJC_ISA_USAGE = YES_ERROR;
				CLANG_WARN_DOCUMENTATION_COMMENTS = YES;
				CLANG_WARN_EMPTY_BODY = YES;
				CLANG_WARN_ENUM_CONVERSION = YES;
				CLANG_WARN_INFINITE_RECURSION = YES;
				CLANG_WARN_INT_CONVERSION = YES;
				CLANG_WARN_NON_LITERAL_NULL_CONVERSION = YES;
				CLANG_WARN_OBJC_IMPLICIT_RETAIN_SELF = YES;
				CLANG_WARN_OBJC_LITERAL_CONVERSION = YES;
				CLANG_WARN_OBJC_ROOT_CLASS = YES_ERROR;
				CLANG_WARN_RANGE_LOOP_ANALYSIS = YES;
				CLANG_WARN_STRICT_PROTOTYPES = YES;
				CLANG_WARN_SUSPICIOUS_MOVE = YES;
				CLANG_WARN_UNGUARDED_AVAILABILITY = YES_AGGRESSIVE;
				CLANG_WARN_UNREACHABLE_CODE = YES;
				CLANG_WARN__DUPLICATE_METHOD_MATCH = YES;
				CODE_SIGN_IDENTITY = "iPhone Developer";
				COPY_PHASE_STRIP = NO;
				DEBUG_INFORMATION_FORMAT = dwarf;
				ENABLE_STRICT_OBJC_MSGSEND = YES;
				ENABLE_TESTABILITY = YES;
				GCC_C_LANGUAGE_STANDARD = gnu11;
				GCC_DYNAMIC_NO_PIC = NO;
				GCC_NO_COMMON_BLOCKS = YES;
				GCC_OPTIMIZATION_LEVEL = 0;
				GCC_PREPROCESSOR_DEFINITIONS = (
					"DEBUG=1",
					"$(inherited)",
				);
				GCC_WARN_64_TO_32_BIT_CONVERSION = YES;
				GCC_WARN_ABOUT_RETURN_TYPE = YES_ERROR;
				GCC_WARN_UNDECLARED_SELECTOR = YES;
				GCC_WARN_UNINITIALIZED_AUTOS = YES_AGGRESSIVE;
				GCC_WARN_UNUSED_FUNCTION = YES;
				GCC_WARN_UNUSED_VARIABLE = YES;
				IPHONEOS_DEPLOYMENT_TARGET = 11.4;
				MTL_ENABLE_DEBUG_INFO = YES;
				ONLY_ACTIVE_ARCH = YES;
				SDKROOT = iphoneos;
				SWIFT_ACTIVE_COMPILATION_CONDITIONS = DEBUG;
				SWIFT_OPTIMIZATION_LEVEL = "-Onone";
			};
			name = Debug;
		};
		6A90DE0B21489E43001706D8 /* Release */ = {
			isa = XCBuildConfiguration;
			buildSettings = {
				ALWAYS_SEARCH_USER_PATHS = NO;
				CLANG_ANALYZER_NONNULL = YES;
				CLANG_ANALYZER_NUMBER_OBJECT_CONVERSION = YES_AGGRESSIVE;
				CLANG_CXX_LANGUAGE_STANDARD = "gnu++14";
				CLANG_CXX_LIBRARY = "libc++";
				CLANG_ENABLE_MODULES = YES;
				CLANG_ENABLE_OBJC_ARC = YES;
				CLANG_ENABLE_OBJC_WEAK = YES;
				CLANG_WARN_BLOCK_CAPTURE_AUTORELEASING = YES;
				CLANG_WARN_BOOL_CONVERSION = YES;
				CLANG_WARN_COMMA = YES;
				CLANG_WARN_CONSTANT_CONVERSION = YES;
				CLANG_WARN_DEPRECATED_OBJC_IMPLEMENTATIONS = YES;
				CLANG_WARN_DIRECT_OBJC_ISA_USAGE = YES_ERROR;
				CLANG_WARN_DOCUMENTATION_COMMENTS = YES;
				CLANG_WARN_EMPTY_BODY = YES;
				CLANG_WARN_ENUM_CONVERSION = YES;
				CLANG_WARN_INFINITE_RECURSION = YES;
				CLANG_WARN_INT_CONVERSION = YES;
				CLANG_WARN_NON_LITERAL_NULL_CONVERSION = YES;
				CLANG_WARN_OBJC_IMPLICIT_RETAIN_SELF = YES;
				CLANG_WARN_OBJC_LITERAL_CONVERSION = YES;
				CLANG_WARN_OBJC_ROOT_CLASS = YES_ERROR;
				CLANG_WARN_RANGE_LOOP_ANALYSIS = YES;
				CLANG_WARN_STRICT_PROTOTYPES = YES;
				CLANG_WARN_SUSPICIOUS_MOVE = YES;
				CLANG_WARN_UNGUARDED_AVAILABILITY = YES_AGGRESSIVE;
				CLANG_WARN_UNREACHABLE_CODE = YES;
				CLANG_WARN__DUPLICATE_METHOD_MATCH = YES;
				CODE_SIGN_IDENTITY = "iPhone Developer";
				COPY_PHASE_STRIP = NO;
				DEBUG_INFORMATION_FORMAT = "dwarf-with-dsym";
				ENABLE_NS_ASSERTIONS = NO;
				ENABLE_STRICT_OBJC_MSGSEND = YES;
				GCC_C_LANGUAGE_STANDARD = gnu11;
				GCC_NO_COMMON_BLOCKS = YES;
				GCC_WARN_64_TO_32_BIT_CONVERSION = YES;
				GCC_WARN_ABOUT_RETURN_TYPE = YES_ERROR;
				GCC_WARN_UNDECLARED_SELECTOR = YES;
				GCC_WARN_UNINITIALIZED_AUTOS = YES_AGGRESSIVE;
				GCC_WARN_UNUSED_FUNCTION = YES;
				GCC_WARN_UNUSED_VARIABLE = YES;
				IPHONEOS_DEPLOYMENT_TARGET = 11.4;
				MTL_ENABLE_DEBUG_INFO = NO;
				SDKROOT = iphoneos;
				SWIFT_COMPILATION_MODE = wholemodule;
				SWIFT_OPTIMIZATION_LEVEL = "-O";
				VALIDATE_PRODUCT = YES;
			};
			name = Release;
		};
		6A90DE0D21489E43001706D8 /* Debug */ = {
			isa = XCBuildConfiguration;
			buildSettings = {
				ASSETCATALOG_COMPILER_APPICON_NAME = AppIcon;
				CODE_SIGN_STYLE = Automatic;
				DEVELOPMENT_TEAM = SCL98AP6MS;
				INFOPLIST_FILE = "Practica5-CustomCell/Info.plist";
				LD_RUNPATH_SEARCH_PATHS = (
					"$(inherited)",
					"@executable_path/Frameworks",
				);
				PRODUCT_BUNDLE_IDENTIFIER = "com.glassproject.Practica5-CustomCell";
				PRODUCT_NAME = "$(TARGET_NAME)";
				SWIFT_VERSION = 4.0;
				TARGETED_DEVICE_FAMILY = "1,2";
			};
			name = Debug;
		};
		6A90DE0E21489E43001706D8 /* Release */ = {
			isa = XCBuildConfiguration;
			buildSettings = {
				ASSETCATALOG_COMPILER_APPICON_NAME = AppIcon;
				CODE_SIGN_STYLE = Automatic;
				DEVELOPMENT_TEAM = SCL98AP6MS;
				INFOPLIST_FILE = "Practica5-CustomCell/Info.plist";
				LD_RUNPATH_SEARCH_PATHS = (
					"$(inherited)",
					"@executable_path/Frameworks",
				);
				PRODUCT_BUNDLE_IDENTIFIER = "com.glassproject.Practica5-CustomCell";
				PRODUCT_NAME = "$(TARGET_NAME)";
				SWIFT_VERSION = 4.0;
				TARGETED_DEVICE_FAMILY = "1,2";
			};
			name = Release;
		};
		6A90DE1021489E43001706D8 /* Debug */ = {
			isa = XCBuildConfiguration;
			buildSettings = {
				ALWAYS_EMBED_SWIFT_STANDARD_LIBRARIES = YES;
				BUNDLE_LOADER = "$(TEST_HOST)";
				CODE_SIGN_STYLE = Automatic;
				DEVELOPMENT_TEAM = SCL98AP6MS;
				INFOPLIST_FILE = "Practica5-CustomCellTests/Info.plist";
				LD_RUNPATH_SEARCH_PATHS = (
					"$(inherited)",
					"@executable_path/Frameworks",
					"@loader_path/Frameworks",
				);
				PRODUCT_BUNDLE_IDENTIFIER = "com.glassproject.Practica5-CustomCellTests";
				PRODUCT_NAME = "$(TARGET_NAME)";
				SWIFT_VERSION = 4.0;
				TARGETED_DEVICE_FAMILY = "1,2";
				TEST_HOST = "$(BUILT_PRODUCTS_DIR)/Practica5-CustomCell.app/Practica5-CustomCell";
			};
			name = Debug;
		};
		6A90DE1121489E43001706D8 /* Release */ = {
			isa = XCBuildConfiguration;
			buildSettings = {
				ALWAYS_EMBED_SWIFT_STANDARD_LIBRARIES = YES;
				BUNDLE_LOADER = "$(TEST_HOST)";
				CODE_SIGN_STYLE = Automatic;
				DEVELOPMENT_TEAM = SCL98AP6MS;
				INFOPLIST_FILE = "Practica5-CustomCellTests/Info.plist";
				LD_RUNPATH_SEARCH_PATHS = (
					"$(inherited)",
					"@executable_path/Frameworks",
					"@loader_path/Frameworks",
				);
				PRODUCT_BUNDLE_IDENTIFIER = "com.glassproject.Practica5-CustomCellTests";
				PRODUCT_NAME = "$(TARGET_NAME)";
				SWIFT_VERSION = 4.0;
				TARGETED_DEVICE_FAMILY = "1,2";
				TEST_HOST = "$(BUILT_PRODUCTS_DIR)/Practica5-CustomCell.app/Practica5-CustomCell";
			};
			name = Release;
		};
		6A90DE1321489E43001706D8 /* Debug */ = {
			isa = XCBuildConfiguration;
			buildSettings = {
				ALWAYS_EMBED_SWIFT_STANDARD_LIBRARIES = YES;
				CODE_SIGN_STYLE = Automatic;
				DEVELOPMENT_TEAM = SCL98AP6MS;
				INFOPLIST_FILE = "Practica5-CustomCellUITests/Info.plist";
				LD_RUNPATH_SEARCH_PATHS = (
					"$(inherited)",
					"@executable_path/Frameworks",
					"@loader_path/Frameworks",
				);
				PRODUCT_BUNDLE_IDENTIFIER = "com.glassproject.Practica5-CustomCellUITests";
				PRODUCT_NAME = "$(TARGET_NAME)";
				SWIFT_VERSION = 4.0;
				TARGETED_DEVICE_FAMILY = "1,2";
				TEST_TARGET_NAME = "Practica5-CustomCell";
			};
			name = Debug;
		};
		6A90DE1421489E43001706D8 /* Release */ = {
			isa = XCBuildConfiguration;
			buildSettings = {
				ALWAYS_EMBED_SWIFT_STANDARD_LIBRARIES = YES;
				CODE_SIGN_STYLE = Automatic;
				DEVELOPMENT_TEAM = SCL98AP6MS;
				INFOPLIST_FILE = "Practica5-CustomCellUITests/Info.plist";
				LD_RUNPATH_SEARCH_PATHS = (
					"$(inherited)",
					"@executable_path/Frameworks",
					"@loader_path/Frameworks",
				);
				PRODUCT_BUNDLE_IDENTIFIER = "com.glassproject.Practica5-CustomCellUITests";
				PRODUCT_NAME = "$(TARGET_NAME)";
				SWIFT_VERSION = 4.0;
				TARGETED_DEVICE_FAMILY = "1,2";
				TEST_TARGET_NAME = "Practica5-CustomCell";
			};
			name = Release;
		};
/* End XCBuildConfiguration section */

/* Begin XCConfigurationList section */
		6A90DDDF21489E3B001706D8 /* Build configuration list for PBXProject "Practica5-CustomCell" */ = {
			isa = XCConfigurationList;
			buildConfigurations = (
				6A90DE0A21489E43001706D8 /* Debug */,
				6A90DE0B21489E43001706D8 /* Release */,
			);
			defaultConfigurationIsVisible = 0;
			defaultConfigurationName = Release;
		};
		6A90DE0C21489E43001706D8 /* Build configuration list for PBXNativeTarget "Practica5-CustomCell" */ = {
			isa = XCConfigurationList;
			buildConfigurations = (
				6A90DE0D21489E43001706D8 /* Debug */,
				6A90DE0E21489E43001706D8 /* Release */,
			);
			defaultConfigurationIsVisible = 0;
			defaultConfigurationName = Release;
		};
		6A90DE0F21489E43001706D8 /* Build configuration list for PBXNativeTarget "Practica5-CustomCellTests" */ = {
			isa = XCConfigurationList;
			buildConfigurations = (
				6A90DE1021489E43001706D8 /* Debug */,
				6A90DE1121489E43001706D8 /* Release */,
			);
			defaultConfigurationIsVisible = 0;
			defaultConfigurationName = Release;
		};
		6A90DE1221489E43001706D8 /* Build configuration list for PBXNativeTarget "Practica5-CustomCellUITests" */ = {
			isa = XCConfigurationList;
			buildConfigurations = (
				6A90DE1321489E43001706D8 /* Debug */,
				6A90DE1421489E43001706D8 /* Release */,
			);
			defaultConfigurationIsVisible = 0;
			defaultConfigurationName = Release;
		};
/* End XCConfigurationList section */
	};
	rootObject = 6A90DDDC21489E3B001706D8 /* Project object */;
}
